
Microsoft Visual Studio Solution File, Format Version 12.00
# Visual Studio Version 17
VisualStudioVersion = 17.0.31903.59
MinimumVisualStudioVersion = 10.0.40219.1
Project("{FAE04EC0-301F-11D3-BF4B-00C04F79EFBC}") = "PharmacyApp.Common", "PharmacyApp.Common\PharmacyApp.Common.csproj", "{9D677F6A-E3E5-4BF6-8082-9B746039503C}"
EndProject
Project("{FAE04EC0-301F-11D3-BF4B-00C04F79EFBC}") = "PharmacyApp.Console", "PharmacyApp.Console\PharmacyApp.Console.csproj", "{55643C0E-B275-4CCF-AF98-E95BC89C8F8A}"
EndProject
Project("{FAE04EC0-301F-11D3-BF4B-00C04F79EFBC}") = "PharmacyApp.Infrastructure", "PharmacyApp.Infrastructure\PharmacyApp.Infrastructure.csproj", "{5F2C4ECC-50E3-4F76-9179-A038B8CCA294}"
EndProject
Project("{FAE04EC0-301F-11D3-BF4B-00C04F79EFBC}") = "PharmacyApp.Nosql", "PharmacyApp.Nosql\PharmacyApp.Nosql.csproj", "{03A4ECDB-6C32-48C4-A910-BC9076362EFB}"
EndProject
Global
	GlobalSection(SolutionConfigurationPlatforms) = preSolution
		Debug|Any CPU = Debug|Any CPU
		Release|Any CPU = Release|Any CPU
	EndGlobalSection
	GlobalSection(SolutionProperties) = preSolution
		HideSolutionNode = FALSE
	EndGlobalSection
	GlobalSection(ProjectConfigurationPlatforms) = postSolution
		{9D677F6A-E3E5-4BF6-8082-9B746039503C}.Debug|Any CPU.ActiveCfg = Debug|Any CPU
		{9D677F6A-E3E5-4BF6-8082-9B746039503C}.Debug|Any CPU.Build.0 = Debug|Any CPU
		{9D677F6A-E3E5-4BF6-8082-9B746039503C}.Release|Any CPU.ActiveCfg = Release|Any CPU
		{9D677F6A-E3E5-4BF6-8082-9B746039503C}.Release|Any CPU.Build.0 = Release|Any CPU
		{55643C0E-B275-4CCF-AF98-E95BC89C8F8A}.Debug|Any CPU.ActiveCfg = Debug|Any CPU
		{55643C0E-B275-4CCF-AF98-E95BC89C8F8A}.Debug|Any CPU.Build.0 = Debug|Any CPU
		{55643C0E-B275-4CCF-AF98-E95BC89C8F8A}.Release|Any CPU.ActiveCfg = Release|Any CPU
		{55643C0E-B275-4CCF-AF98-E95BC89C8F8A}.Release|Any CPU.Build.0 = Release|Any CPU
		{5F2C4ECC-50E3-4F76-9179-A038B8CCA294}.Debug|Any CPU.ActiveCfg = Debug|Any CPU
		{5F2C4ECC-50E3-4F76-9179-A038B8CCA294}.Debug|Any CPU.Build.0 = Debug|Any CPU
		{5F2C4ECC-50E3-4F76-9179-A038B8CCA294}.Release|Any CPU.ActiveCfg = Release|Any CPU
		{5F2C4ECC-50E3-4F76-9179-A038B8CCA294}.Release|Any CPU.Build.0 = Release|Any CPU
		{03A4ECDB-6C32-48C4-A910-BC9076362EFB}.Debug|Any CPU.ActiveCfg = Debug|Any CPU
		{03A4ECDB-6C32-48C4-A910-BC9076362EFB}.Debug|Any CPU.Build.0 = Debug|Any CPU
		{03A4ECDB-6C32-48C4-A910-BC9076362EFB}.Release|Any CPU.ActiveCfg = Release|Any CPU
		{03A4ECDB-6C32-48C4-A910-BC9076362EFB}.Release|Any CPU.Build.0 = Release|Any CPU
	EndGlobalSection
EndGlobal
